
Microsoft Visual Studio Solution File, Format Version 12.00
# Visual Studio 14
VisualStudioVersion = 14.0.25420.1
MinimumVisualStudioVersion = 10.0.40219.1
Project("{FAE04EC0-301F-11D3-BF4B-00C04F79EFBC}") = "Workforce.Web.Housing2.Client", "Workforce.Web.Housing2.Client\Workforce.Web.Housing2.Client.csproj", "{C152A624-88D8-40BA-8298-76699CE2D2DB}"
EndProject
Global
	GlobalSection(SolutionConfigurationPlatforms) = preSolution
		Debug|Any CPU = Debug|Any CPU
		Release|Any CPU = Release|Any CPU
	EndGlobalSection
	GlobalSection(ProjectConfigurationPlatforms) = postSolution
		{C152A624-88D8-40BA-8298-76699CE2D2DB}.Debug|Any CPU.ActiveCfg = Debug|Any CPU
		{C152A624-88D8-40BA-8298-76699CE2D2DB}.Debug|Any CPU.Build.0 = Debug|Any CPU
		{C152A624-88D8-40BA-8298-76699CE2D2DB}.Release|Any CPU.ActiveCfg = Release|Any CPU
		{C152A624-88D8-40BA-8298-76699CE2D2DB}.Release|Any CPU.Build.0 = Release|Any CPU
	EndGlobalSection
	GlobalSection(SolutionProperties) = preSolution
		HideSolutionNode = FALSE
	EndGlobalSection
EndGlobal
