
Microsoft Visual Studio Solution File, Format Version 12.00
# Visual Studio 14
VisualStudioVersion = 14.0.25420.1
MinimumVisualStudioVersion = 10.0.40219.1
Project("{FAE04EC0-301F-11D3-BF4B-00C04F79EFBC}") = "Workforce.Data.Housing.Domain", "Workforce.Data.Housing.Domain\Workforce.Data.Housing.Domain.csproj", "{0CDB4729-8DB0-46F4-8115-6CFE98262F82}"
EndProject
Project("{FAE04EC0-301F-11D3-BF4B-00C04F79EFBC}") = "Workforce.Data.Housing.Tests", "Workforce.Data.Housing.Tests\Workforce.Data.Housing.Tests.csproj", "{F9CF202D-15C5-43F0-A350-D0192FCC5F92}"
EndProject
Project("{FAE04EC0-301F-11D3-BF4B-00C04F79EFBC}") = "Workforce.Data.Housing.SOAP", "Workforce.Data.Housing.SOAP\Workforce.Data.Housing.SOAP.csproj", "{B1BDEF8B-5DF8-48A8-8414-80E54D1BDFCA}"
EndProject
Global
	GlobalSection(SolutionConfigurationPlatforms) = preSolution
		Debug|Any CPU = Debug|Any CPU
		Release|Any CPU = Release|Any CPU
	EndGlobalSection
	GlobalSection(ProjectConfigurationPlatforms) = postSolution
		{0CDB4729-8DB0-46F4-8115-6CFE98262F82}.Debug|Any CPU.ActiveCfg = Debug|Any CPU
		{0CDB4729-8DB0-46F4-8115-6CFE98262F82}.Debug|Any CPU.Build.0 = Debug|Any CPU
		{0CDB4729-8DB0-46F4-8115-6CFE98262F82}.Release|Any CPU.ActiveCfg = Release|Any CPU
		{0CDB4729-8DB0-46F4-8115-6CFE98262F82}.Release|Any CPU.Build.0 = Release|Any CPU
		{F9CF202D-15C5-43F0-A350-D0192FCC5F92}.Debug|Any CPU.ActiveCfg = Debug|Any CPU
		{F9CF202D-15C5-43F0-A350-D0192FCC5F92}.Debug|Any CPU.Build.0 = Debug|Any CPU
		{F9CF202D-15C5-43F0-A350-D0192FCC5F92}.Release|Any CPU.ActiveCfg = Release|Any CPU
		{F9CF202D-15C5-43F0-A350-D0192FCC5F92}.Release|Any CPU.Build.0 = Release|Any CPU
		{B1BDEF8B-5DF8-48A8-8414-80E54D1BDFCA}.Debug|Any CPU.ActiveCfg = Debug|Any CPU
		{B1BDEF8B-5DF8-48A8-8414-80E54D1BDFCA}.Debug|Any CPU.Build.0 = Debug|Any CPU
		{B1BDEF8B-5DF8-48A8-8414-80E54D1BDFCA}.Release|Any CPU.ActiveCfg = Release|Any CPU
		{B1BDEF8B-5DF8-48A8-8414-80E54D1BDFCA}.Release|Any CPU.Build.0 = Release|Any CPU
	EndGlobalSection
	GlobalSection(SolutionProperties) = preSolution
		HideSolutionNode = FALSE
	EndGlobalSection
EndGlobal
