
Microsoft Visual Studio Solution File, Format Version 12.00
# Visual Studio 14
VisualStudioVersion = 14.0.25420.1
MinimumVisualStudioVersion = 10.0.40219.1
Project("{FAE04EC0-301F-11D3-BF4B-00C04F79EFBC}") = "Workforce.Logic.Domain", "Workforce.Logic.Domain\Workforce.Logic.Domain.csproj", "{A7073D17-A920-4248-8B39-993F0C76ED4C}"
EndProject
Project("{FAE04EC0-301F-11D3-BF4B-00C04F79EFBC}") = "Workforce.Logic.Rest", "Workforce.Logic.Rest\Workforce.Logic.Rest.csproj", "{9EC9D01B-7C00-4FF3-896C-BB7F3595B206}"
EndProject
Global
	GlobalSection(SolutionConfigurationPlatforms) = preSolution
		Debug|Any CPU = Debug|Any CPU
		Release|Any CPU = Release|Any CPU
	EndGlobalSection
	GlobalSection(ProjectConfigurationPlatforms) = postSolution
		{A7073D17-A920-4248-8B39-993F0C76ED4C}.Debug|Any CPU.ActiveCfg = Debug|Any CPU
		{A7073D17-A920-4248-8B39-993F0C76ED4C}.Debug|Any CPU.Build.0 = Debug|Any CPU
		{A7073D17-A920-4248-8B39-993F0C76ED4C}.Release|Any CPU.ActiveCfg = Release|Any CPU
		{A7073D17-A920-4248-8B39-993F0C76ED4C}.Release|Any CPU.Build.0 = Release|Any CPU
		{9EC9D01B-7C00-4FF3-896C-BB7F3595B206}.Debug|Any CPU.ActiveCfg = Debug|Any CPU
		{9EC9D01B-7C00-4FF3-896C-BB7F3595B206}.Debug|Any CPU.Build.0 = Debug|Any CPU
		{9EC9D01B-7C00-4FF3-896C-BB7F3595B206}.Release|Any CPU.ActiveCfg = Release|Any CPU
		{9EC9D01B-7C00-4FF3-896C-BB7F3595B206}.Release|Any CPU.Build.0 = Release|Any CPU
	EndGlobalSection
	GlobalSection(SolutionProperties) = preSolution
		HideSolutionNode = FALSE
	EndGlobalSection
EndGlobal
